
Microsoft Visual Studio Solution File, Format Version 12.00
# Visual Studio 15
VisualStudioVersion = 15.0.28307.902
MinimumVisualStudioVersion = 10.0.40219.1
Project("{FAE04EC0-301F-11D3-BF4B-00C04F79EFBC}") = "TelaGSP2.Android", "TelaGSP2\TelaGSP2.Android\TelaGSP2.Android.csproj", "{8128358D-7CF7-4B84-99F8-DFB8775549E5}"
EndProject
Project("{FAE04EC0-301F-11D3-BF4B-00C04F79EFBC}") = "TelaGSP2", "TelaGSP2\TelaGSP2\TelaGSP2.csproj", "{526AD839-2D42-4D64-939C-C588AEEF8899}"
EndProject
Global
	GlobalSection(SolutionConfigurationPlatforms) = preSolution
		Debug|Any CPU = Debug|Any CPU
		Release|Any CPU = Release|Any CPU
	EndGlobalSection
	GlobalSection(ProjectConfigurationPlatforms) = postSolution
		{8128358D-7CF7-4B84-99F8-DFB8775549E5}.Debug|Any CPU.ActiveCfg = Debug|Any CPU
		{8128358D-7CF7-4B84-99F8-DFB8775549E5}.Debug|Any CPU.Build.0 = Debug|Any CPU
		{8128358D-7CF7-4B84-99F8-DFB8775549E5}.Debug|Any CPU.Deploy.0 = Debug|Any CPU
		{8128358D-7CF7-4B84-99F8-DFB8775549E5}.Release|Any CPU.ActiveCfg = Release|Any CPU
		{8128358D-7CF7-4B84-99F8-DFB8775549E5}.Release|Any CPU.Build.0 = Release|Any CPU
		{8128358D-7CF7-4B84-99F8-DFB8775549E5}.Release|Any CPU.Deploy.0 = Release|Any CPU
		{526AD839-2D42-4D64-939C-C588AEEF8899}.Debug|Any CPU.ActiveCfg = Debug|Any CPU
		{526AD839-2D42-4D64-939C-C588AEEF8899}.Debug|Any CPU.Build.0 = Debug|Any CPU
		{526AD839-2D42-4D64-939C-C588AEEF8899}.Debug|Any CPU.Deploy.0 = Debug|Any CPU
		{526AD839-2D42-4D64-939C-C588AEEF8899}.Release|Any CPU.ActiveCfg = Release|Any CPU
		{526AD839-2D42-4D64-939C-C588AEEF8899}.Release|Any CPU.Build.0 = Release|Any CPU
		{526AD839-2D42-4D64-939C-C588AEEF8899}.Release|Any CPU.Deploy.0 = Release|Any CPU
	EndGlobalSection
	GlobalSection(SolutionProperties) = preSolution
		HideSolutionNode = FALSE
	EndGlobalSection
	GlobalSection(ExtensibilityGlobals) = postSolution
		SolutionGuid = {A9C24CB4-5501-462C-A68C-CC75535AF1EE}
	EndGlobalSection
EndGlobal
